
Microsoft Visual Studio Solution File, Format Version 12.00
# Visual Studio Version 16
VisualStudioVersion = 16.0.31112.23
MinimumVisualStudioVersion = 10.0.40219.1
Project("{FAE04EC0-301F-11D3-BF4B-00C04F79EFBC}") = "Lists", "Lists\Lists.csproj", "{A26C8CC9-6285-4859-A921-E914CE9FA898}"
EndProject
Global
	GlobalSection(SolutionConfigurationPlatforms) = preSolution
		Debug|Any CPU = Debug|Any CPU
		Release|Any CPU = Release|Any CPU
	EndGlobalSection
	GlobalSection(ProjectConfigurationPlatforms) = postSolution
		{A26C8CC9-6285-4859-A921-E914CE9FA898}.Debug|Any CPU.ActiveCfg = Debug|Any CPU
		{A26C8CC9-6285-4859-A921-E914CE9FA898}.Debug|Any CPU.Build.0 = Debug|Any CPU
		{A26C8CC9-6285-4859-A921-E914CE9FA898}.Release|Any CPU.ActiveCfg = Release|Any CPU
		{A26C8CC9-6285-4859-A921-E914CE9FA898}.Release|Any CPU.Build.0 = Release|Any CPU
	EndGlobalSection
	GlobalSection(SolutionProperties) = preSolution
		HideSolutionNode = FALSE
	EndGlobalSection
	GlobalSection(ExtensibilityGlobals) = postSolution
		SolutionGuid = {3AF4E386-1BAF-4849-AD5F-5AA03020A869}
	EndGlobalSection
EndGlobal
