
Microsoft Visual Studio Solution File, Format Version 12.00
# Visual Studio Version 16
VisualStudioVersion = 16.0.31112.23
MinimumVisualStudioVersion = 10.0.40219.1
Project("{FAE04EC0-301F-11D3-BF4B-00C04F79EFBC}") = "InvMgr", "InvMgr\InvMgr.csproj", "{B02D2BC5-E18D-4FEF-A13C-0BF43B17D7BA}"
EndProject
Project("{FAE04EC0-301F-11D3-BF4B-00C04F79EFBC}") = "InventoryDB", "InventoryDB\InventoryDB.csproj", "{54128C54-14F8-4827-8ECD-07DDB3B6AEED}"
EndProject
Project("{FAE04EC0-301F-11D3-BF4B-00C04F79EFBC}") = "InventoryRepository", "InventoryRepository\InventoryRepository.csproj", "{5FDCB2B6-5ED9-413B-A5C4-1FDA27A746ED}"
EndProject
Global
	GlobalSection(SolutionConfigurationPlatforms) = preSolution
		Debug|Any CPU = Debug|Any CPU
		Release|Any CPU = Release|Any CPU
	EndGlobalSection
	GlobalSection(ProjectConfigurationPlatforms) = postSolution
		{B02D2BC5-E18D-4FEF-A13C-0BF43B17D7BA}.Debug|Any CPU.ActiveCfg = Debug|Any CPU
		{B02D2BC5-E18D-4FEF-A13C-0BF43B17D7BA}.Debug|Any CPU.Build.0 = Debug|Any CPU
		{B02D2BC5-E18D-4FEF-A13C-0BF43B17D7BA}.Release|Any CPU.ActiveCfg = Release|Any CPU
		{B02D2BC5-E18D-4FEF-A13C-0BF43B17D7BA}.Release|Any CPU.Build.0 = Release|Any CPU
		{54128C54-14F8-4827-8ECD-07DDB3B6AEED}.Debug|Any CPU.ActiveCfg = Debug|Any CPU
		{54128C54-14F8-4827-8ECD-07DDB3B6AEED}.Debug|Any CPU.Build.0 = Debug|Any CPU
		{54128C54-14F8-4827-8ECD-07DDB3B6AEED}.Release|Any CPU.ActiveCfg = Release|Any CPU
		{54128C54-14F8-4827-8ECD-07DDB3B6AEED}.Release|Any CPU.Build.0 = Release|Any CPU
		{5FDCB2B6-5ED9-413B-A5C4-1FDA27A746ED}.Debug|Any CPU.ActiveCfg = Debug|Any CPU
		{5FDCB2B6-5ED9-413B-A5C4-1FDA27A746ED}.Debug|Any CPU.Build.0 = Debug|Any CPU
		{5FDCB2B6-5ED9-413B-A5C4-1FDA27A746ED}.Release|Any CPU.ActiveCfg = Release|Any CPU
		{5FDCB2B6-5ED9-413B-A5C4-1FDA27A746ED}.Release|Any CPU.Build.0 = Release|Any CPU
	EndGlobalSection
	GlobalSection(SolutionProperties) = preSolution
		HideSolutionNode = FALSE
	EndGlobalSection
	GlobalSection(ExtensibilityGlobals) = postSolution
		SolutionGuid = {84656BA6-529A-4FCC-8C5F-B8ECFC98BFB8}
	EndGlobalSection
EndGlobal
